# This file was autogenerated by Stack.
# You should not edit this file by hand.
# For more information, please see the documentation at:
#   https://docs.haskellstack.org/en/stable/lock_files

packages:
- completed:
    hackage: byteunits-0.4.0.2@sha256:659e242f8051436582bfb748d857134b2fb7da80f33d31df6a22431cc77878db,1387
    pantry-tree:
      size: 322
      sha256: 98431cf111d5d0f22b93b2c6275d80261288d84189dcd72179c9d95c747eaa19
  original:
    hackage: byteunits-0.4.0.2@sha256:659e242f8051436582bfb748d857134b2fb7da80f33d31df6a22431cc77878db,1387
snapshots:
- completed:
    size: 531696
    url: https://raw.githubusercontent.com/commercialhaskell/stackage-snapshots/master/lts/16/3.yaml
    sha256: 65e3a94c65ad07fa1913649e3f1e36c4af51bf528a5d9fd217bdc1b46d0477cc
  original: lts-16.3
